aiohappyeyeballs==2.7.1 --hash=sha256:9243213661e29250eb41368e5daa826fc017156c3b8a11440826b2e3ed376472
aiohttp==3.14.3 --hash=sha256:543906c127fb1d929b95076db19b83fa2d46751006ff1e23b093aa5ac4d8db42
aiosignal==1.4.0 --hash=sha256:053243f8b92b990551949e63930a839ff0cf0b0ebbe0597b0f3fb19e1a0fe82e
annotated-doc==0.0.5 --hash=sha256:117bac03a25ede5df5440e855b32d556049ca169ead221505badf432fed4b101
annotated-types==0.8.0 --hash=sha256:f072f4d804ea359e4eaf198b1af7a8b0943881a87f31bb764f8bf219bb9419e0
anyio==4.14.2 --hash=sha256:9f505dda5ac9f0c8309b5e8bd445a8c2bf7246f3ce950121e45ea15bc41d1494
attrs==26.1.0 --hash=sha256:c647aa4a12dfbad9333ca4e71fe62ddc36f4e63b2d260a37a8b83d2f043ac309
certifi==2026.7.22 --hash=sha256:62f22742b58a1a33014a2b6b706588a8d7e2a88ae7bd1a6ebe8c992928483775
click==8.4.2 --hash=sha256:e6f9f66136c816745b9d65817da91d61d957fb16e02e4dcd0552553c5a197b76
colorama==0.4.6 --hash=sha256:4f1d9991f5acc0ca119f9d443620b77f9d6b33703e51011c16baf57afb285fc6
edge-tts==7.2.8 --hash=sha256:361fe48ce7ef613adbe30f664e3765dd71029c6cb57427279eff8ad6df2eb211
fastapi==0.139.2 --hash=sha256:b9ad015a835173d59865e2f5d8296fbc2b317bf56a2ba1a5bfbdd03de2fd4b1c
frozenlist==1.8.0 --hash=sha256:494a5952b1c597ba44e0e78113a7266e656b9794eec897b19ead706bd7074383
h11==0.16.0 --hash=sha256:63cf8bbe7522de3bf65932fda1d9c2772064ffb3dae62d55932da54b31cb6c86
httpcore==1.0.9 --hash=sha256:2d400746a40668fc9dec9810239072b40b4484b640a8c38fd654a024c7a1bf55
httptools==0.8.0 --hash=sha256:b15fc622b0f869d19207c4089a501d9bcc63ca5e071ffdd2f03f922df882dcb2
httpx==0.28.1 --hash=sha256:d909fcccc110f8c7faf814ca82a9a4d816bc5a6dbfea25d6591d6985b8ba59ad
idna==3.18 --hash=sha256:7f952cbe720b688055e3f87de14f5c3e5fdaa8bc3928985c4077ca689de849a2
jieba==0.42.1 --hash=sha256:efbaf8fdfdfef5edbc7482f55d665713e1ff4a1e4e7d8431233cfb85875867a2
multidict==6.7.1 --hash=sha256:bfde23ef6ed9db7eaee6c37dcec08524cb43903c60b285b172b6c094711b3961
propcache==0.5.2 --hash=sha256:6f328175a2cde1f0ff2c4ed8ce968b9dcfb55f3a7153f39e2957ed994da13476
pydantic==2.13.4 --hash=sha256:45a282cde31d808236fd7ea9d919b128653c8b38b393d1c4ab335c62924d9aba
pydantic-core==2.46.4 --hash=sha256:926c9541b14b12b1681dca8a0b75feb510b06c6341b70a8e500c2fdcff837cce
python-dotenv==1.2.2 --hash=sha256:1d8214789a24de455a8b8bd8ae6fe3c6b69a5e3d64aa8a8e5d68e694bbcb285a
python-multipart==0.0.32 --hash=sha256:ff6d3f776f16878c894e52e107296ffc890e913c611b1a4ec6c44e2821fe2e23
PyYAML==6.0.3 --hash=sha256:ba1cc08a7ccde2d2ec775841541641e4548226580ab850948cbfda66a1befcdc
starlette==1.6.0 --hash=sha256:a86dd39d14bb45f85a3d18525215a9ef0cfd1f192ac793220e72598c90335f0c
tabulate==0.10.0 --hash=sha256:f0b0622e567335c8fabaaa659f1b33bcb6ddfe2e496071b743aa113f8774f2d3
typing-extensions==4.16.0 --hash=sha256:481caa481374e813c1b176ada14e97f1f67a4539ce9cfeb3f350d78d6370c2e8
typing-inspection==0.4.2 --hash=sha256:4ed1cacbdc298c220f1bd249ed5287caa16f34d44ef4e9c3d0cbad5b521545e7
uvicorn==0.51.0 --hash=sha256:5d38af6cd620f2ae3849fb44fd4879e0890aa1febe8d47eb355fb45d93fe6a5b
uvloop==0.22.1 --hash=sha256:7b5b1ac819a3f946d3b2ee07f09149578ae76066d70b44df3fa990add49a82e4
watchfiles==1.2.0 --hash=sha256:e53a384f76b631c3ae5334ce6a52f0baa3a911eb94a4eac7f160079868b716d5
websockets==17.0.1 --hash=sha256:f47b0815af3948ec6a440b3afa02f05b18cc0939549e91b5c677b5d9c2c8472a
yarl==1.24.5 --hash=sha256:f08c7513ecef5aad65687bfdf6bc601ae9fccd04a42904501f8f7141abad9eb9
